
Microsoft Visual Studio Solution File, Format Version 12.00
# Visual Studio Version 16
VisualStudioVersion = 16.0.30907.101
MinimumVisualStudioVersion = 10.0.40219.1
Project("{8BC9CEB8-8B4A-11D0-8D11-00A0C91BC942}") = "thirdEngine", "thirdEngine\thirdEngine.vcxproj", "{90321168-FDFF-405E-9FE8-7C03E29A486B}"
EndProject
Project("{8BC9CEB8-8B4A-11D0-8D11-00A0C91BC942}") = "thirdModelViewer", "thirdModelViewer\thirdModelViewer.vcxproj", "{799D5463-C7DA-4BCD-B678-9680D2B55BF8}"
	ProjectSection(ProjectDependencies) = postProject
		{90321168-FDFF-405E-9FE8-7C03E29A486B} = {90321168-FDFF-405E-9FE8-7C03E29A486B}
	EndProjectSection
EndProject
Project("{8BC9CEB8-8B4A-11D0-8D11-00A0C91BC942}") = "ChecklistGame", "ChecklistGame\ChecklistGame.vcxproj", "{8CD027F3-82D7-4E4F-85FA-8CE85B609AFC}"
EndProject
Global
	GlobalSection(SolutionConfigurationPlatforms) = preSolution
		Debug|x64 = Debug|x64
		Debug|x86 = Debug|x86
		Release|x64 = Release|x64
		Release|x86 = Release|x86
	EndGlobalSection
	GlobalSection(ProjectConfigurationPlatforms) = postSolution
		{90321168-FDFF-405E-9FE8-7C03E29A486B}.Debug|x64.ActiveCfg = Debug|x64
		{90321168-FDFF-405E-9FE8-7C03E29A486B}.Debug|x64.Build.0 = Debug|x64
		{90321168-FDFF-405E-9FE8-7C03E29A486B}.Debug|x86.ActiveCfg = Debug|Win32
		{90321168-FDFF-405E-9FE8-7C03E29A486B}.Debug|x86.Build.0 = Debug|Win32
		{90321168-FDFF-405E-9FE8-7C03E29A486B}.Release|x64.ActiveCfg = Release|x64
		{90321168-FDFF-405E-9FE8-7C03E29A486B}.Release|x64.Build.0 = Release|x64
		{90321168-FDFF-405E-9FE8-7C03E29A486B}.Release|x86.ActiveCfg = Release|Win32
		{90321168-FDFF-405E-9FE8-7C03E29A486B}.Release|x86.Build.0 = Release|Win32
		{799D5463-C7DA-4BCD-B678-9680D2B55BF8}.Debug|x64.ActiveCfg = Debug|x64
		{799D5463-C7DA-4BCD-B678-9680D2B55BF8}.Debug|x64.Build.0 = Debug|x64
		{799D5463-C7DA-4BCD-B678-9680D2B55BF8}.Debug|x86.ActiveCfg = Debug|Win32
		{799D5463-C7DA-4BCD-B678-9680D2B55BF8}.Debug|x86.Build.0 = Debug|Win32
		{799D5463-C7DA-4BCD-B678-9680D2B55BF8}.Release|x64.ActiveCfg = Release|x64
		{799D5463-C7DA-4BCD-B678-9680D2B55BF8}.Release|x64.Build.0 = Release|x64
		{799D5463-C7DA-4BCD-B678-9680D2B55BF8}.Release|x86.ActiveCfg = Release|Win32
		{799D5463-C7DA-4BCD-B678-9680D2B55BF8}.Release|x86.Build.0 = Release|Win32
		{8CD027F3-82D7-4E4F-85FA-8CE85B609AFC}.Debug|x64.ActiveCfg = Debug|x64
		{8CD027F3-82D7-4E4F-85FA-8CE85B609AFC}.Debug|x64.Build.0 = Debug|x64
		{8CD027F3-82D7-4E4F-85FA-8CE85B609AFC}.Debug|x86.ActiveCfg = Debug|Win32
		{8CD027F3-82D7-4E4F-85FA-8CE85B609AFC}.Debug|x86.Build.0 = Debug|Win32
		{8CD027F3-82D7-4E4F-85FA-8CE85B609AFC}.Release|x64.ActiveCfg = Release|x64
		{8CD027F3-82D7-4E4F-85FA-8CE85B609AFC}.Release|x64.Build.0 = Release|x64
		{8CD027F3-82D7-4E4F-85FA-8CE85B609AFC}.Release|x86.ActiveCfg = Release|Win32
		{8CD027F3-82D7-4E4F-85FA-8CE85B609AFC}.Release|x86.Build.0 = Release|Win32
	EndGlobalSection
	GlobalSection(SolutionProperties) = preSolution
		HideSolutionNode = FALSE
	EndGlobalSection
	GlobalSection(ExtensibilityGlobals) = postSolution
		SolutionGuid = {AACBF6A3-E1FA-4C0F-ACBA-39D827A91060}
	EndGlobalSection
EndGlobal
