<?xml version="1.0" encoding="utf-8"?>
<Project ToolsVersion="4.0" xmlns="http://schemas.microsoft.com/developer/msbuild/2003">
  <ItemGroup>
    <ClCompile Include="Renderer\Model.cpp">
      <Filter>Renderer</Filter>
    </ClCompile>
    <ClCompile Include="Renderer\Mesh.cpp">
      <Filter>Renderer</Filter>
    </ClCompile>
    <ClCompile Include="Renderer\Shader.cpp">
      <Filter>Renderer</Filter>
    </ClCompile>
    <ClCompile Include="Renderer\Material.cpp">
      <Filter>Renderer</Filter>
    </ClCompile>
    <ClCompile Include="Renderer\ShaderImpl.cpp">
      <Filter>Renderer</Filter>
    </ClCompile>
    <ClCompile Include="Renderer\Texture.cpp">
      <Filter>Renderer</Filter>
    </ClCompile>
    <ClCompile Include="Renderer\RenderUtil.cpp">
      <Filter>Renderer</Filter>
    </ClCompile>
    <ClCompile Include="Renderer\ModelLoader.cpp">
      <Filter>Renderer</Filter>
    </ClCompile>
    <ClCompile Include="Renderer\Animation.cpp">
      <Filter>Renderer</Filter>
    </ClCompile>
    <ClCompile Include="Renderer\Camera.cpp">
      <Filter>Renderer</Filter>
    </ClCompile>
    <ClCompile Include="Renderer\Frustum.cpp">
      <Filter>Renderer</Filter>
    </ClCompile>
    <ClCompile Include="Renderer\Renderer.cpp">
      <Filter>Renderer</Filter>
    </ClCompile>
    <ClCompile Include="Framework\CollisionEvent.cpp">
      <Filter>Framework</Filter>
    </ClCompile>
    <ClCompile Include="Framework\Component.cpp">
      <Filter>Framework</Filter>
    </ClCompile>
    <ClCompile Include="Framework\ComponentConstructor.cpp">
      <Filter>Framework</Filter>
    </ClCompile>
    <ClCompile Include="Framework\DefaultComponentConstructor.cpp">
      <Filter>Framework</Filter>
    </ClCompile>
    <ClCompile Include="Framework\Event.cpp">
      <Filter>Framework</Filter>
    </ClCompile>
    <ClCompile Include="Framework\EventManager.cpp">
      <Filter>Framework</Filter>
    </ClCompile>
    <ClCompile Include="Framework\Physics.cpp">
      <Filter>Framework</Filter>
    </ClCompile>
    <ClCompile Include="Framework\System.cpp">
      <Filter>Framework</Filter>
    </ClCompile>
    <ClCompile Include="Framework\World.cpp">
      <Filter>Framework</Filter>
    </ClCompile>
    <ClCompile Include="Input\Input.cpp">
      <Filter>Input</Filter>
    </ClCompile>
    <ClCompile Include="Input\KbmDevice.cpp">
      <Filter>Input</Filter>
    </ClCompile>
    <ClCompile Include="Framework\ComponentBitmask.cpp">
      <Filter>Framework</Filter>
    </ClCompile>
    <ClCompile Include="Framework\Prefab.cpp">
      <Filter>Framework</Filter>
    </ClCompile>
    <ClCompile Include="Renderer\HandlePool.cpp">
      <Filter>Renderer</Filter>
    </ClCompile>
    <ClCompile Include="Renderer\UI\ImGui\imgui_tables.cpp">
      <Filter>Renderer\UI\ImGui</Filter>
    </ClCompile>
    <ClCompile Include="Renderer\UI\ImGui\imgui_widgets.cpp">
      <Filter>Renderer\UI\ImGui</Filter>
    </ClCompile>
    <ClCompile Include="Renderer\UI\ImGui\imgui.cpp">
      <Filter>Renderer\UI\ImGui</Filter>
    </ClCompile>
    <ClCompile Include="Renderer\UI\ImGui\imgui_demo.cpp">
      <Filter>Renderer\UI\ImGui</Filter>
    </ClCompile>
    <ClCompile Include="Renderer\UI\ImGui\imgui_draw.cpp">
      <Filter>Renderer\UI\ImGui</Filter>
    </ClCompile>
    <ClCompile Include="Renderer\UI\UIRenderer.cpp">
      <Filter>Renderer\UI</Filter>
    </ClCompile>
    <ClCompile Include="Renderer\UI\UIElement.cpp">
      <Filter>Renderer\UI</Filter>
    </ClCompile>
    <ClCompile Include="Renderer\UI\ImGui\imgui_impl_opengl3.cpp">
      <Filter>Renderer\UI\ImGui</Filter>
    </ClCompile>
    <ClCompile Include="Renderer\UI\ImGui\imgui_impl_glfw.cpp">
      <Filter>Renderer\UI\ImGui</Filter>
    </ClCompile>
    <ClCompile Include="Renderer\Box.cpp">
      <Filter>Renderer</Filter>
    </ClCompile>
  </ItemGroup>
  <ItemGroup>
    <ClInclude Include="Renderer\Model.h">
      <Filter>Renderer</Filter>
    </ClInclude>
    <ClInclude Include="Renderer\Mesh.h">
      <Filter>Renderer</Filter>
    </ClInclude>
    <ClInclude Include="Renderer\MeshImpl.h">
      <Filter>Renderer</Filter>
    </ClInclude>
    <ClInclude Include="Renderer\Shader.h">
      <Filter>Renderer</Filter>
    </ClInclude>
    <ClInclude Include="Renderer\Material.h">
      <Filter>Renderer</Filter>
    </ClInclude>
    <ClInclude Include="Renderer\ShaderImpl.h">
      <Filter>Renderer</Filter>
    </ClInclude>
    <ClInclude Include="Renderer\Texture.h">
      <Filter>Renderer</Filter>
    </ClInclude>
    <ClInclude Include="Renderer\TextureImpl.h">
      <Filter>Renderer</Filter>
    </ClInclude>
    <ClInclude Include="Renderer\RenderUtil.h">
      <Filter>Renderer</Filter>
    </ClInclude>
    <ClInclude Include="Renderer\ModelLoader.h">
      <Filter>Renderer</Filter>
    </ClInclude>
    <ClInclude Include="Renderer\Animation.h">
      <Filter>Renderer</Filter>
    </ClInclude>
    <ClInclude Include="Renderer\Camera.h">
      <Filter>Renderer</Filter>
    </ClInclude>
    <ClInclude Include="Renderer\Frustum.h">
      <Filter>Renderer</Filter>
    </ClInclude>
    <ClInclude Include="Renderer\Renderer.h">
      <Filter>Renderer</Filter>
    </ClInclude>
    <ClInclude Include="Framework\CollisionEvent.h">
      <Filter>Framework</Filter>
    </ClInclude>
    <ClInclude Include="Framework\Component.h">
      <Filter>Framework</Filter>
    </ClInclude>
    <ClInclude Include="Framework\ComponentConstructor.h">
      <Filter>Framework</Filter>
    </ClInclude>
    <ClInclude Include="Framework\DefaultComponentConstructor.h">
      <Filter>Framework</Filter>
    </ClInclude>
    <ClInclude Include="Framework\Event.h">
      <Filter>Framework</Filter>
    </ClInclude>
    <ClInclude Include="Framework\EventManager.h">
      <Filter>Framework</Filter>
    </ClInclude>
    <ClInclude Include="Framework\Physics.h">
      <Filter>Framework</Filter>
    </ClInclude>
    <ClInclude Include="Framework\System.h">
      <Filter>Framework</Filter>
    </ClInclude>
    <ClInclude Include="Framework\World.h">
      <Filter>Framework</Filter>
    </ClInclude>
    <ClInclude Include="Input\Input.h">
      <Filter>Input</Filter>
    </ClInclude>
    <ClInclude Include="Input\KbmDevice.h">
      <Filter>Input</Filter>
    </ClInclude>
    <ClInclude Include="Framework\ComponentBitmask.h">
      <Filter>Framework</Filter>
    </ClInclude>
    <ClInclude Include="Framework\Prefab.h">
      <Filter>Framework</Filter>
    </ClInclude>
    <ClInclude Include="Renderer\HandlePool.h">
      <Filter>Renderer</Filter>
    </ClInclude>
    <ClInclude Include="Renderer\stb_image.h">
      <Filter>Renderer</Filter>
    </ClInclude>
    <ClInclude Include="Renderer\UI\ImGui\imstb_rectpack.h">
      <Filter>Renderer\UI\ImGui</Filter>
    </ClInclude>
    <ClInclude Include="Renderer\UI\ImGui\imstb_textedit.h">
      <Filter>Renderer\UI\ImGui</Filter>
    </ClInclude>
    <ClInclude Include="Renderer\UI\ImGui\imstb_truetype.h">
      <Filter>Renderer\UI\ImGui</Filter>
    </ClInclude>
    <ClInclude Include="Renderer\UI\ImGui\imconfig.h">
      <Filter>Renderer\UI\ImGui</Filter>
    </ClInclude>
    <ClInclude Include="Renderer\UI\ImGui\imgui.h">
      <Filter>Renderer\UI\ImGui</Filter>
    </ClInclude>
    <ClInclude Include="Renderer\UI\ImGui\imgui_internal.h">
      <Filter>Renderer\UI\ImGui</Filter>
    </ClInclude>
    <ClInclude Include="Renderer\UI\UIRenderer.h">
      <Filter>Renderer\UI</Filter>
    </ClInclude>
    <ClInclude Include="Renderer\UI\UIElement.h">
      <Filter>Renderer\UI</Filter>
    </ClInclude>
    <ClInclude Include="Renderer\UI\ImGui\imgui_impl_glfw.h">
      <Filter>Renderer\UI\ImGui</Filter>
    </ClInclude>
    <ClInclude Include="Renderer\UI\ImGui\imgui_impl_opengl3.h">
      <Filter>Renderer\UI\ImGui</Filter>
    </ClInclude>
    <ClInclude Include="Renderer\Box.h">
      <Filter>Renderer</Filter>
    </ClInclude>
  </ItemGroup>
  <ItemGroup>
    <Filter Include="Framework">
      <UniqueIdentifier>{f5a14d77-aea0-4d40-bc50-d3ee6122b0ba}</UniqueIdentifier>
    </Filter>
    <Filter Include="Input">
      <UniqueIdentifier>{a2c894d1-453c-4a61-8536-345d7d82ff29}</UniqueIdentifier>
    </Filter>
    <Filter Include="Renderer">
      <UniqueIdentifier>{3883d085-bc1e-43e8-bd48-5e1fd199ead5}</UniqueIdentifier>
    </Filter>
    <Filter Include="Sound">
      <UniqueIdentifier>{a49c33c2-9a9c-4902-9cff-c784ab797c52}</UniqueIdentifier>
    </Filter>
    <Filter Include="Renderer\UI">
      <UniqueIdentifier>{1a4e26a8-fffa-4441-855c-1da2e0a69e20}</UniqueIdentifier>
    </Filter>
    <Filter Include="Renderer\2D">
      <UniqueIdentifier>{fe8c10d4-e047-46d3-b46e-afbbd65fdf01}</UniqueIdentifier>
    </Filter>
    <Filter Include="Renderer\UI\ImGui">
      <UniqueIdentifier>{eef490a1-c099-4c45-9006-e56e84eacaed}</UniqueIdentifier>
    </Filter>
  </ItemGroup>
</Project>