<?xml version="1.0" encoding="utf-8"?>
<Project ToolsVersion="4.0" xmlns="http://schemas.microsoft.com/developer/msbuild/2003">
  <ItemGroup>
    <ClCompile Include="ChecklistGame.cpp" />
    <ClCompile Include="Game\Window.cpp">
      <Filter>Game</Filter>
    </ClCompile>
    <ClCompile Include="Game\Game.cpp">
      <Filter>Game</Filter>
    </ClCompile>
    <ClCompile Include="Game\Component\TransformComponent.cpp">
      <Filter>Game\Component</Filter>
    </ClCompile>
    <ClCompile Include="Game\Component\CameraComponent.cpp">
      <Filter>Game\Component</Filter>
    </ClCompile>
    <ClCompile Include="Game\Component\ModelRenderComponent.cpp">
      <Filter>Game\Component</Filter>
    </ClCompile>
    <ClCompile Include="Game\Extra\Util.cpp">
      <Filter>Game\Extra</Filter>
    </ClCompile>
    <ClCompile Include="Game\Extra\PrefabConstructionInfo.cpp">
      <Filter>Game\Extra</Filter>
    </ClCompile>
    <ClCompile Include="Game\Extra\Transform.cpp">
      <Filter>Game\Extra</Filter>
    </ClCompile>
    <ClCompile Include="Game\Scene\Scene.cpp">
      <Filter>Game\Scene</Filter>
    </ClCompile>
    <ClCompile Include="Game\System\ModelRenderSystem.cpp">
      <Filter>Game\System</Filter>
    </ClCompile>
    <ClCompile Include="Game\System\CameraSystem.cpp">
      <Filter>Game\System</Filter>
    </ClCompile>
    <ClCompile Include="Lib\glad.c">
      <Filter>Lib</Filter>
    </ClCompile>
    <ClCompile Include="Game\Scene\Home\HouseScene.cpp">
      <Filter>Game\Scene\Home</Filter>
    </ClCompile>
    <ClCompile Include="Game\Scene\Home\YardScene.cpp">
      <Filter>Game\Scene\Home</Filter>
    </ClCompile>
    <ClCompile Include="Game\Component\PlayerComponent.cpp">
      <Filter>Game\Component</Filter>
    </ClCompile>
    <ClCompile Include="Game\UIElement\Home\StartMenu.cpp">
      <Filter>Game\UIElement\Home</Filter>
    </ClCompile>
    <ClCompile Include="Game\Storyboard\StoryboardLoader.cpp">
      <Filter>Game\Storyboard</Filter>
    </ClCompile>
    <ClCompile Include="Game\Storyboard\Storyboard.cpp">
      <Filter>Game\Storyboard</Filter>
    </ClCompile>
    <ClCompile Include="Game\System\StoryboardDirectorSystem.cpp">
      <Filter>Game\System</Filter>
    </ClCompile>
    <ClCompile Include="Game\Component\StoryboardDirectorComponent.cpp">
      <Filter>Game\Component</Filter>
    </ClCompile>
    <ClCompile Include="Game\System\PlayerAnimationStateSystem.cpp">
      <Filter>Game\System</Filter>
    </ClCompile>
    <ClCompile Include="Game\System\PlayerInputSystem.cpp">
      <Filter>Game\System</Filter>
    </ClCompile>
    <ClCompile Include="Game\Event\GameCloseEvent.cpp">
      <Filter>Game\Event</Filter>
    </ClCompile>
    <ClCompile Include="Game\Event\GameStartEvent.cpp">
      <Filter>Game\Event</Filter>
    </ClCompile>
    <ClCompile Include="Game\UIElement\Home\Letter.cpp">
      <Filter>Game\UIElement\Home</Filter>
    </ClCompile>
    <ClCompile Include="Game\Event\YardSceneLetterCloseEvent.cpp">
      <Filter>Game\Event</Filter>
    </ClCompile>
    <ClCompile Include="Game\Event\YardSceneOpenSceneStoryboardEndEvent.cpp">
      <Filter>Game\Event</Filter>
    </ClCompile>
    <ClCompile Include="Game\Event\YardSceneTurnAroundStoryboardEndEvent.cpp">
      <Filter>Game\Event</Filter>
    </ClCompile>
    <ClCompile Include="Game\System\PlayerControlStateSystem.cpp">
      <Filter>Game\System</Filter>
    </ClCompile>
  </ItemGroup>
  <ItemGroup>
    <Filter Include="Game">
      <UniqueIdentifier>{f09415ee-2920-4d57-b245-077d4d3f6ca1}</UniqueIdentifier>
    </Filter>
    <Filter Include="Game\Component">
      <UniqueIdentifier>{c430f9a9-dc0f-476a-8a0d-3010a3406afd}</UniqueIdentifier>
    </Filter>
    <Filter Include="Game\Event">
      <UniqueIdentifier>{c92b6f01-f5d0-4a61-b788-effb24f7d575}</UniqueIdentifier>
    </Filter>
    <Filter Include="Game\Material">
      <UniqueIdentifier>{df973776-361d-46e6-9fcc-4946627e9ffe}</UniqueIdentifier>
    </Filter>
    <Filter Include="Game\Scene">
      <UniqueIdentifier>{3414523f-3208-4d5b-912e-22f7178f9232}</UniqueIdentifier>
    </Filter>
    <Filter Include="Game\System">
      <UniqueIdentifier>{a376000e-0f83-44b4-8937-2b211de2466b}</UniqueIdentifier>
    </Filter>
    <Filter Include="Game\Extra">
      <UniqueIdentifier>{4efccc6d-a002-4134-8af7-b8d15fa445f1}</UniqueIdentifier>
    </Filter>
    <Filter Include="Lib">
      <UniqueIdentifier>{b3e8de03-c08d-4827-9631-da5aaf1fa62e}</UniqueIdentifier>
    </Filter>
    <Filter Include="Game\Scene\Home">
      <UniqueIdentifier>{dcc899ef-3bd0-4cc7-a500-cfb95ce3cde4}</UniqueIdentifier>
    </Filter>
    <Filter Include="Game\UIElement">
      <UniqueIdentifier>{43f4b44e-3d04-46ee-b8d5-7298ee61408f}</UniqueIdentifier>
    </Filter>
    <Filter Include="Game\UIElement\Home">
      <UniqueIdentifier>{f9928303-2d69-4398-a43f-2bb5c5223e02}</UniqueIdentifier>
    </Filter>
    <Filter Include="Game\Storyboard">
      <UniqueIdentifier>{504a08e3-656c-4f4d-95c4-30a47eae751d}</UniqueIdentifier>
    </Filter>
  </ItemGroup>
  <ItemGroup>
    <ClInclude Include="Game\Window.h">
      <Filter>Game</Filter>
    </ClInclude>
    <ClInclude Include="Game\Game.h">
      <Filter>Game</Filter>
    </ClInclude>
    <ClInclude Include="Game\Component\ModelRenderComponent.h">
      <Filter>Game\Component</Filter>
    </ClInclude>
    <ClInclude Include="Game\Component\TransformComponent.h">
      <Filter>Game\Component</Filter>
    </ClInclude>
    <ClInclude Include="Game\Component\CameraComponent.h">
      <Filter>Game\Component</Filter>
    </ClInclude>
    <ClInclude Include="Game\Extra\Transform.h">
      <Filter>Game\Extra</Filter>
    </ClInclude>
    <ClInclude Include="Game\Extra\Util.h">
      <Filter>Game\Extra</Filter>
    </ClInclude>
    <ClInclude Include="Game\Extra\PrefabConstructionInfo.h">
      <Filter>Game\Extra</Filter>
    </ClInclude>
    <ClInclude Include="Game\Scene\Scene.h">
      <Filter>Game\Scene</Filter>
    </ClInclude>
    <ClInclude Include="Game\System\ModelRenderSystem.h">
      <Filter>Game\System</Filter>
    </ClInclude>
    <ClInclude Include="Game\System\CameraSystem.h">
      <Filter>Game\System</Filter>
    </ClInclude>
    <ClInclude Include="Game\Scene\Home\HouseScene.h">
      <Filter>Game\Scene\Home</Filter>
    </ClInclude>
    <ClInclude Include="Game\Scene\Home\YardScene.h">
      <Filter>Game\Scene\Home</Filter>
    </ClInclude>
    <ClInclude Include="Game\Component\PlayerComponent.h">
      <Filter>Game\Component</Filter>
    </ClInclude>
    <ClInclude Include="Game\UIElement\Home\StartMenu.h">
      <Filter>Game\UIElement\Home</Filter>
    </ClInclude>
    <ClInclude Include="Game\Storyboard\StoryboardLoader.h">
      <Filter>Game\Storyboard</Filter>
    </ClInclude>
    <ClInclude Include="Game\Storyboard\Storyboard.h">
      <Filter>Game\Storyboard</Filter>
    </ClInclude>
    <ClInclude Include="Game\System\StoryboardDirectorSystem.h">
      <Filter>Game\System</Filter>
    </ClInclude>
    <ClInclude Include="Game\Component\StoryboardDirectorComponent.h">
      <Filter>Game\Component</Filter>
    </ClInclude>
    <ClInclude Include="Game\System\PlayerAnimationStateSystem.h">
      <Filter>Game\System</Filter>
    </ClInclude>
    <ClInclude Include="Game\System\PlayerInputSystem.h">
      <Filter>Game\System</Filter>
    </ClInclude>
    <ClInclude Include="Game\Event\GameCloseEvent.h">
      <Filter>Game\Event</Filter>
    </ClInclude>
    <ClInclude Include="Game\Event\GameStartEvent.h">
      <Filter>Game\Event</Filter>
    </ClInclude>
    <ClInclude Include="Game\UIElement\Home\Letter.h">
      <Filter>Game\UIElement\Home</Filter>
    </ClInclude>
    <ClInclude Include="Game\Event\YardSceneLetterCloseEvent.h">
      <Filter>Game\Event</Filter>
    </ClInclude>
    <ClInclude Include="Game\Event\YardSceneOpenSceneStoryboardEndEvent.h">
      <Filter>Game\Event</Filter>
    </ClInclude>
    <ClInclude Include="Game\Event\YardSceneTurnAroundStoryboardEndEvent.h">
      <Filter>Game\Event</Filter>
    </ClInclude>
    <ClInclude Include="Game\System\PlayerControlStateSystem.h">
      <Filter>Game\System</Filter>
    </ClInclude>
  </ItemGroup>
</Project>